// !$*UTF8*$!
{
	archiveVersion = 1;
	classes = {
	};
	objectVersion = 50;
	objects = {

/* Begin PBXBuildFile section */
		29ABB2C022A6E9800006290C /* AppDelegate.swift in Sources */ = {isa = PBXBuildFile; fileRef = 29ABB2BF22A6E9800006290C /* AppDelegate.swift */; };
		29ABB2C222A6E9800006290C /* SceneDelegate.swift in Sources */ = {isa = PBXBuildFile; fileRef = 29ABB2C122A6E9800006290C /* SceneDelegate.swift */; };
		29ABB2C422A6E9800006290C /* ContentView.swift in Sources */ = {isa = PBXBuildFile; fileRef = 29ABB2C322A6E9800006290C /* ContentView.swift */; };
		29ABB2C622A6E9810006290C /* Assets.xcassets in Resources */ = {isa = PBXBuildFile; fileRef = 29ABB2C522A6E9810006290C /* Assets.xcassets */; };
		29ABB2C922A6E9810006290C /* Preview Assets.xcassets in Resources */ = {isa = PBXBuildFile; fileRef = 29ABB2C822A6E9810006290C /* Preview Assets.xcassets */; };
		29ABB2CC22A6E9810006290C /* LaunchScreen.storyboard in Resources */ = {isa = PBXBuildFile; fileRef = 29ABB2CA22A6E9810006290C /* LaunchScreen.storyboard */; };
/* End PBXBuildFile section */

/* Begin PBXFileReference section */
		29ABB2BC22A6E9800006290C /* Introducing SwiftUI.app */ = {isa = PBXFileReference; explicitFileType = wrapper.application; includeInIndex = 0; path = "Introducing SwiftUI.app"; sourceTree = BUILT_PRODUCTS_DIR; };
		29ABB2BF22A6E9800006290C /* AppDelegate.swift */ = {isa = PBXFileReference; lastKnownFileType = sourcecode.swift; path = AppDelegate.swift; sourceTree = "<group>"; };
		29ABB2C122A6E9800006290C /* SceneDelegate.swift */ = {isa = PBXFileReference; lastKnownFileType = sourcecode.swift; path = SceneDelegate.swift; sourceTree = "<group>"; };
		29ABB2C322A6E9800006290C /* ContentView.swift */ = {isa = PBXFileReference; lastKnownFileType = sourcecode.swift; path = ContentView.swift; sourceTree = "<group>"; };
		29ABB2C522A6E9810006290C /* Assets.xcassets */ = {isa = PBXFileReference; lastKnownFileType = folder.assetcatalog; path = Assets.xcassets; sourceTree = "<group>"; };
		29ABB2C822A6E9810006290C /* Preview Assets.xcassets */ = {isa = PBXFileReference; lastKnownFileType = folder.assetcatalog; path = "Preview Assets.xcassets"; sourceTree = "<group>"; };
		29ABB2CB22A6E9810006290C /* Base */ = {isa = PBXFileReference; lastKnownFileType = file.storyboard; name = Base; path = Base.lproj/LaunchScreen.storyboard; sourceTree = "<group>"; };
		29ABB2CD22A6E9810006290C /* Info.plist */ = {isa = PBXFileReference; lastKnownFileType = text.plist.xml; path = Info.plist; sourceTree = "<group>"; };
/* End PBXFileReference section */

/* Begin PBXFrameworksBuildPhase section */
		29ABB2B922A6E9800006290C /* Frameworks */ = {
			isa = PBXFrameworksBuildPhase;
			buildActionMask = 2147483647;
			files = (
			);
			runOnlyForDeploymentPostprocessing = 0;
		};
/* End PBXFrameworksBuildPhase section */

/* Begin PBXGroup section */
		29ABB2B322A6E9800006290C = {
			isa = PBXGroup;
			children = (
				29ABB2BE22A6E9800006290C /* Introducing SwiftUI */,
				29ABB2BD22A6E9800006290C /* Products */,
			);
			sourceTree = "<group>";
		};
		29ABB2BD22A6E9800006290C /* Products */ = {
			isa = PBXGroup;
			children = (
				29ABB2BC22A6E9800006290C /* Introducing SwiftUI.app */,
			);
			name = Products;
			sourceTree = "<group>";
		};
		29ABB2BE22A6E9800006290C /* Introducing SwiftUI */ = {
			isa = PBXGroup;
			children = (
				29ABB2BF22A6E9800006290C /* AppDelegate.swift */,
				29ABB2C122A6E9800006290C /* SceneDelegate.swift */,
				29ABB2C322A6E9800006290C /* ContentView.swift */,
				29ABB2C522A6E9810006290C /* Assets.xcassets */,
				29ABB2CA22A6E9810006290C /* LaunchScreen.storyboard */,
				29ABB2CD22A6E9810006290C /* Info.plist */,
				29ABB2C722A6E9810006290C /* Preview Content */,
			);
			path = "Introducing SwiftUI";
			sourceTree = "<group>";
		};
		29ABB2C722A6E9810006290C /* Preview Content */ = {
			isa = PBXGroup;
			children = (
				29ABB2C822A6E9810006290C /* Preview Assets.xcassets */,
			);
			path = "Preview Content";
			sourceTree = "<group>";
		};
/* End PBXGroup section */

/* Begin PBXNativeTarget section */
		29ABB2BB22A6E9800006290C /* Introducing SwiftUI */ = {
			isa = PBXNativeTarget;
			buildConfigurationList = 29ABB2D022A6E9810006290C /* Build configuration list for PBXNativeTarget "Introducing SwiftUI" */;
			buildPhases = (
				29ABB2B822A6E9800006290C /* Sources */,
				29ABB2B922A6E9800006290C /* Frameworks */,
				29ABB2BA22A6E9800006290C /* Resources */,
			);
			buildRules = (
			);
			dependencies = (
			);
			name = "Introducing SwiftUI";
			productName = "Introducing SwiftUI";
			productReference = 29ABB2BC22A6E9800006290C /* Introducing SwiftUI.app */;
			productType = "com.apple.product-type.application";
		};
/* End PBXNativeTarget section */

/* Begin PBXProject section */
		29ABB2B422A6E9800006290C /* Project object */ = {
			isa = PBXProject;
			attributes = {
				LastSwiftUpdateCheck = 1100;
				LastUpgradeCheck = 1100;
				ORGANIZATIONNAME = "Shawn Roller";
				TargetAttributes = {
					29ABB2BB22A6E9800006290C = {
						CreatedOnToolsVersion = 11.0;
					};
				};
			};
			buildConfigurationList = 29ABB2B722A6E9800006290C /* Build configuration list for PBXProject "Introducing SwiftUI" */;
			compatibilityVersion = "Xcode 9.3";
			developmentRegion = en;
			hasScannedForEncodings = 0;
			knownRegions = (
				en,
				Base,
			);
			mainGroup = 29ABB2B322A6E9800006290C;
			productRefGroup = 29ABB2BD22A6E9800006290C /* Products */;
			projectDirPath = "";
			projectRoot = "";
			targets = (
				29ABB2BB22A6E9800006290C /* Introducing SwiftUI */,
			);
		};
/* End PBXProject section */

/* Begin PBXResourcesBuildPhase section */
		29ABB2BA22A6E9800006290C /* Resources */ = {
			isa = PBXResourcesBuildPhase;
			buildActionMask = 2147483647;
			files = (
				29ABB2CC22A6E9810006290C /* LaunchScreen.storyboard in Resources */,
				29ABB2C922A6E9810006290C /* Preview Assets.xcassets in Resources */,
				29ABB2C622A6E9810006290C /* Assets.xcassets in Resources */,
			);
			runOnlyForDeploymentPostprocessing = 0;
		};
/* End PBXResourcesBuildPhase section */

/* Begin PBXSourcesBuildPhase section */
		29ABB2B822A6E9800006290C /* Sources */ = {
			isa = PBXSourcesBuildPhase;
			buildActionMask = 2147483647;
			files = (
				29ABB2C022A6E9800006290C /* AppDelegate.swift in Sources */,
				29ABB2C222A6E9800006290C /* SceneDelegate.swift in Sources */,
				29ABB2C422A6E9800006290C /* ContentView.swift in Sources */,
			);
			runOnlyForDeploymentPostprocessing = 0;
		};
/* End PBXSourcesBuildPhase section */

/* Begin PBXVariantGroup section */
		29ABB2CA22A6E9810006290C /* LaunchScreen.storyboard */ = {
			isa = PBXVariantGroup;
			children = (
				29ABB2CB22A6E9810006290C /* Base */,
			);
			name = LaunchScreen.storyboard;
			sourceTree = "<group>";
		};
/* End PBXVariantGroup section */

/* Begin XCBuildConfiguration section */
		29ABB2CE22A6E9810006290C /* Debug */ = {
			isa = XCBuildConfiguration;
			buildSettings = {
				ALWAYS_SEARCH_USER_PATHS = NO;
				CLANG_ANALYZER_NONNULL = YES;
				CLANG_ANALYZER_NUMBER_OBJECT_CONVERSION = YES_AGGRESSIVE;
				CLANG_CXX_LANGUAGE_STANDARD = "gnu++14";
				CLANG_CXX_LIBRARY = "libc++";
				CLANG_ENABLE_MODULES = YES;
				CLANG_ENABLE_OBJC_ARC = YES;
				CLANG_ENABLE_OBJC_WEAK = YES;
				CLANG_WARN_BLOCK_CAPTURE_AUTORELEASING = YES;
				CLANG_WARN_BOOL_CONVERSION = YES;
				CLANG_WARN_COMMA = YES;
				CLANG_WARN_CONSTANT_CONVERSION = YES;
				CLANG_WARN_DEPRECATED_OBJC_IMPLEMENTATIONS = YES;
				CLANG_WARN_DIRECT_OBJC_ISA_USAGE = YES_ERROR;
				CLANG_WARN_DOCUMENTATION_COMMENTS = YES;
				CLANG_WARN_EMPTY_BODY = YES;
				CLANG_WARN_ENUM_CONVERSION = YES;
				CLANG_WARN_INFINITE_RECURSION = YES;
				CLANG_WARN_INT_CONVERSION = YES;
				CLANG_WARN_NON_LITERAL_NULL_CONVERSION = YES;
				CLANG_WARN_OBJC_IMPLICIT_RETAIN_SELF = YES;
				CLANG_WARN_OBJC_LITERAL_CONVERSION = YES;
				CLANG_WARN_OBJC_ROOT_CLASS = YES_ERROR;
				CLANG_WARN_RANGE_LOOP_ANALYSIS = YES;
				CLANG_WARN_STRICT_PROTOTYPES = YES;
				CLANG_WARN_SUSPICIOUS_MOVE = YES;
				CLANG_WARN_UNGUARDED_AVAILABILITY = YES_AGGRESSIVE;
				CLANG_WARN_UNREACHABLE_CODE = YES;
				CLANG_WARN__DUPLICATE_METHOD_MATCH = YES;
				COPY_PHASE_STRIP = NO;
				DEBUG_INFORMATION_FORMAT = dwarf;
				ENABLE_STRICT_OBJC_MSGSEND = YES;
				ENABLE_TESTABILITY = YES;
				GCC_C_LANGUAGE_STANDARD = gnu11;
				GCC_DYNAMIC_NO_PIC = NO;
				GCC_NO_COMMON_BLOCKS = YES;
				GCC_OPTIMIZATION_LEVEL = 0;
				GCC_PREPROCESSOR_DEFINITIONS = (
					"DEBUG=1",
					"$(inherited)",
				);
				GCC_WARN_64_TO_32_BIT_CONVERSION = YES;
				GCC_WARN_ABOUT_RETURN_TYPE = YES_ERROR;
				GCC_WARN_UNDECLARED_SELECTOR = YES;
				GCC_WARN_UNINITIALIZED_AUTOS = YES_AGGRESSIVE;
				GCC_WARN_UNUSED_FUNCTION = YES;
				GCC_WARN_UNUSED_VARIABLE = YES;
				IPHONEOS_DEPLOYMENT_TARGET = 13.0;
				MTL_ENABLE_DEBUG_INFO = INCLUDE_SOURCE;
				MTL_FAST_MATH = YES;
				ONLY_ACTIVE_ARCH = YES;
				SDKROOT = iphoneos;
				SWIFT_ACTIVE_COMPILATION_CONDITIONS = DEBUG;
				SWIFT_OPTIMIZATION_LEVEL = "-Onone";
			};
			name = Debug;
		};
		29ABB2CF22A6E9810006290C /* Release */ = {
			isa = XCBuildConfiguration;
			buildSettings = {
				ALWAYS_SEARCH_USER_PATHS = NO;
				CLANG_ANALYZER_NONNULL = YES;
				CLANG_ANALYZER_NUMBER_OBJECT_CONVERSION = YES_AGGRESSIVE;
				CLANG_CXX_LANGUAGE_STANDARD = "gnu++14";
				CLANG_CXX_LIBRARY = "libc++";
				CLANG_ENABLE_MODULES = YES;
				CLANG_ENABLE_OBJC_ARC = YES;
				CLANG_ENABLE_OBJC_WEAK = YES;
				CLANG_WARN_BLOCK_CAPTURE_AUTORELEASING = YES;
				CLANG_WARN_BOOL_CONVERSION = YES;
				CLANG_WARN_COMMA = YES;
				CLANG_WARN_CONSTANT_CONVERSION = YES;
				CLANG_WARN_DEPRECATED_OBJC_IMPLEMENTATIONS = YES;
				CLANG_WARN_DIRECT_OBJC_ISA_USAGE = YES_ERROR;
				CLANG_WARN_DOCUMENTATION_COMMENTS = YES;
				CLANG_WARN_EMPTY_BODY = YES;
				CLANG_WARN_ENUM_CONVERSION = YES;
				CLANG_WARN_INFINITE_RECURSION = YES;
				CLANG_WARN_INT_CONVERSION = YES;
				CLANG_WARN_NON_LITERAL_NULL_CONVERSION = YES;
				CLANG_WARN_OBJC_IMPLICIT_RETAIN_SELF = YES;
				CLANG_WARN_OBJC_LITERAL_CONVERSION = YES;
				CLANG_WARN_OBJC_ROOT_CLASS = YES_ERROR;
				CLANG_WARN_RANGE_LOOP_ANALYSIS = YES;
				CLANG_WARN_STRICT_PROTOTYPES = YES;
				CLANG_WARN_SUSPICIOUS_MOVE = YES;
				CLANG_WARN_UNGUARDED_AVAILABILITY = YES_AGGRESSIVE;
				CLANG_WARN_UNREACHABLE_CODE = YES;
				CLANG_WARN__DUPLICATE_METHOD_MATCH = YES;
				COPY_PHASE_STRIP = NO;
				DEBUG_INFORMATION_FORMAT = "dwarf-with-dsym";
				ENABLE_NS_ASSERTIONS = NO;
				ENABLE_STRICT_OBJC_MSGSEND = YES;
				GCC_C_LANGUAGE_STANDARD = gnu11;
				GCC_NO_COMMON_BLOCKS = YES;
				GCC_WARN_64_TO_32_BIT_CONVERSION = YES;
				GCC_WARN_ABOUT_RETURN_TYPE = YES_ERROR;
				GCC_WARN_UNDECLARED_SELECTOR = YES;
				GCC_WARN_UNINITIALIZED_AUTOS = YES_AGGRESSIVE;
				GCC_WARN_UNUSED_FUNCTION = YES;
				GCC_WARN_UNUSED_VARIABLE = YES;
				IPHONEOS_DEPLOYMENT_TARGET = 13.0;
				MTL_ENABLE_DEBUG_INFO = NO;
				MTL_FAST_MATH = YES;
				SDKROOT = iphoneos;
				SWIFT_COMPILATION_MODE = wholemodule;
				SWIFT_OPTIMIZATION_LEVEL = "-O";
				VALIDATE_PRODUCT = YES;
			};
			name = Release;
		};
		29ABB2D122A6E9810006290C /* Debug */ = {
			isa = XCBuildConfiguration;
			buildSettings = {
				ASSETCATALOG_COMPILER_APPICON_NAME = AppIcon;
				CODE_SIGN_STYLE = Automatic;
				DEVELOPMENT_ASSET_PATHS = "\"Introducing SwiftUI\"/Preview\\ Content";
				DEVELOPMENT_TEAM = EWH85CQYYJ;
				ENABLE_PREVIEWS = YES;
				INFOPLIST_FILE = "Introducing SwiftUI/Info.plist";
				LD_RUNPATH_SEARCH_PATHS = (
					"$(inherited)",
					"@executable_path/Frameworks",
				);
				PRODUCT_BUNDLE_IDENTIFIER = "com.offensively-bad.Introducing-SwiftUI";
				PRODUCT_NAME = "$(TARGET_NAME)";
				SWIFT_VERSION = 5.0;
				TARGETED_DEVICE_FAMILY = "1,2";
			};
			name = Debug;
		};
		29ABB2D222A6E9810006290C /* Release */ = {
			isa = XCBuildConfiguration;
			buildSettings = {
				ASSETCATALOG_COMPILER_APPICON_NAME = AppIcon;
				CODE_SIGN_STYLE = Automatic;
				DEVELOPMENT_ASSET_PATHS = "\"Introducing SwiftUI\"/Preview\\ Content";
				DEVELOPMENT_TEAM = EWH85CQYYJ;
				ENABLE_PREVIEWS = YES;
				INFOPLIST_FILE = "Introducing SwiftUI/Info.plist";
				LD_RUNPATH_SEARCH_PATHS = (
					"$(inherited)",
					"@executable_path/Frameworks",
				);
				PRODUCT_BUNDLE_IDENTIFIER = "com.offensively-bad.Introducing-SwiftUI";
				PRODUCT_NAME = "$(TARGET_NAME)";
				SWIFT_VERSION = 5.0;
				TARGETED_DEVICE_FAMILY = "1,2";
			};
			name = Release;
		};
/* End XCBuildConfiguration section */

/* Begin XCConfigurationList section */
		29ABB2B722A6E9800006290C /* Build configuration list for PBXProject "Introducing SwiftUI" */ = {
			isa = XCConfigurationList;
			buildConfigurations = (
				29ABB2CE22A6E9810006290C /* Debug */,
				29ABB2CF22A6E9810006290C /* Release */,
			);
			defaultConfigurationIsVisible = 0;
			defaultConfigurationName = Release;
		};
		29ABB2D022A6E9810006290C /* Build configuration list for PBXNativeTarget "Introducing SwiftUI" */ = {
			isa = XCConfigurationList;
			buildConfigurations = (
				29ABB2D122A6E9810006290C /* Debug */,
				29ABB2D222A6E9810006290C /* Release */,
			);
			defaultConfigurationIsVisible = 0;
			defaultConfigurationName = Release;
		};
/* End XCConfigurationList section */
	};
	rootObject = 29ABB2B422A6E9800006290C /* Project object */;
}
